name: Bootstrap Web Lockfile

on:
  push:
    branches: [main]

permissions:
  contents: write

jobs:
  lockfile:
    if: ${{ hashFiles('package-lock.json') == '' }}
    runs-on: ubuntu-latest
    steps:
      - uses: actions/checkout@v4
      - uses: actions/setup-node@v4
        with:
          node-version: 22
      - name: Generate monorepo lockfile
        run: |
          npm install --package-lock=true
          test -s package-lock.json
          npm audit --omit=dev --audit-level=high
      - name: Commit generated lockfile
        run: |
          git config user.name 'github-actions[bot]'
          git config user.email '41898282+github-actions[bot]@users.noreply.github.com'
          git add package-lock.json
          git commit -m 'build: lock Web workspace dependencies'
          git push origin HEAD:main
